// !$*UTF8*$!
{
	archiveVersion = 1;
	classes = {
	};
	objectVersion = 46;
	objects = {

/* Begin PBXBuildFile section */
		D94B3FB91B5549F6001A3320 /* AppDelegate.swift in Sources */ = {isa = PBXBuildFile; fileRef = D94B3FB81B5549F6001A3320 /* AppDelegate.swift */; };
		D94B3FBB1B5549F7001A3320 /* ViewController.swift in Sources */ = {isa = PBXBuildFile; fileRef = D94B3FBA1B5549F7001A3320 /* ViewController.swift */; };
		D94B3FBE1B5549F7001A3320 /* Main.storyboard in Resources */ = {isa = PBXBuildFile; fileRef = D94B3FBC1B5549F7001A3320 /* Main.storyboard */; };
		D94B3FC01B5549F7001A3320 /* Images.xcassets in Resources */ = {isa = PBXBuildFile; fileRef = D94B3FBF1B5549F7001A3320 /* Images.xcassets */; };
		D94B3FC31B5549F7001A3320 /* LaunchScreen.xib in Resources */ = {isa = PBXBuildFile; fileRef = D94B3FC11B5549F7001A3320 /* LaunchScreen.xib */; };
		D94B3FCF1B5549F7001A3320 /* ColorCodeTests.swift in Sources */ = {isa = PBXBuildFile; fileRef = D94B3FCE1B5549F7001A3320 /* ColorCodeTests.swift */; };
/* End PBXBuildFile section */

/* Begin PBXContainerItemProxy section */
		D94B3FC91B5549F7001A3320 /* PBXContainerItemProxy */ = {
			isa = PBXContainerItemProxy;
			containerPortal = D94B3FAB1B5549F6001A3320 /* Project object */;
			proxyType = 1;
			remoteGlobalIDString = D94B3FB21B5549F6001A3320;
			remoteInfo = ColorCode;
		};
/* End PBXContainerItemProxy section */

/* Begin PBXFileReference section */
		D94B3FB31B5549F6001A3320 /* ColorCode.app */ = {isa = PBXFileReference; explicitFileType = wrapper.application; includeInIndex = 0; path = ColorCode.app; sourceTree = BUILT_PRODUCTS_DIR; };
		D94B3FB71B5549F6001A3320 /* Info.plist */ = {isa = PBXFileReference; lastKnownFileType = text.plist.xml; path = Info.plist; sourceTree = "<group>"; };
		D94B3FB81B5549F6001A3320 /* AppDelegate.swift */ = {isa = PBXFileReference; lastKnownFileType = sourcecode.swift; path = AppDelegate.swift; sourceTree = "<group>"; };
		D94B3FBA1B5549F7001A3320 /* ViewController.swift */ = {isa = PBXFileReference; lastKnownFileType = sourcecode.swift; path = ViewController.swift; sourceTree = "<group>"; };
		D94B3FBD1B5549F7001A3320 /* Base */ = {isa = PBXFileReference; lastKnownFileType = file.storyboard; name = Base; path = Base.lproj/Main.storyboard; sourceTree = "<group>"; };
		D94B3FBF1B5549F7001A3320 /* Images.xcassets */ = {isa = PBXFileReference; lastKnownFileType = folder.assetcatalog; path = Images.xcassets; sourceTree = "<group>"; };
		D94B3FC21B5549F7001A3320 /* Base */ = {isa = PBXFileReference; lastKnownFileType = file.xib; name = Base; path = Base.lproj/LaunchScreen.xib; sourceTree = "<group>"; };
		D94B3FC81B5549F7001A3320 /* ColorCodeTests.xctest */ = {isa = PBXFileReference; explicitFileType = wrapper.cfbundle; includeInIndex = 0; path = ColorCodeTests.xctest; sourceTree = BUILT_PRODUCTS_DIR; };
		D94B3FCD1B5549F7001A3320 /* Info.plist */ = {isa = PBXFileReference; lastKnownFileType = text.plist.xml; path = Info.plist; sourceTree = "<group>"; };
		D94B3FCE1B5549F7001A3320 /* ColorCodeTests.swift */ = {isa = PBXFileReference; lastKnownFileType = sourcecode.swift; path = ColorCodeTests.swift; sourceTree = "<group>"; };
/* End PBXFileReference section */

/* Begin PBXFrameworksBuildPhase section */
		D94B3FB01B5549F6001A3320 /* Frameworks */ = {
			isa = PBXFrameworksBuildPhase;
			buildActionMask = 2147483647;
			files = (
			);
			runOnlyForDeploymentPostprocessing = 0;
		};
		D94B3FC51B5549F7001A3320 /* Frameworks */ = {
			isa = PBXFrameworksBuildPhase;
			buildActionMask = 2147483647;
			files = (
			);
			runOnlyForDeploymentPostprocessing = 0;
		};
/* End PBXFrameworksBuildPhase section */

/* Begin PBXGroup section */
		D94B3FAA1B5549F6001A3320 = {
			isa = PBXGroup;
			children = (
				D94B3FB51B5549F6001A3320 /* ColorCode */,
				D94B3FCB1B5549F7001A3320 /* ColorCodeTests */,
				D94B3FB41B5549F6001A3320 /* Products */,
			);
			sourceTree = "<group>";
		};
		D94B3FB41B5549F6001A3320 /* Products */ = {
			isa = PBXGroup;
			children = (
				D94B3FB31B5549F6001A3320 /* ColorCode.app */,
				D94B3FC81B5549F7001A3320 /* ColorCodeTests.xctest */,
			);
			name = Products;
			sourceTree = "<group>";
		};
		D94B3FB51B5549F6001A3320 /* ColorCode */ = {
			isa = PBXGroup;
			children = (
				D94B3FB81B5549F6001A3320 /* AppDelegate.swift */,
				D94B3FBA1B5549F7001A3320 /* ViewController.swift */,
				D94B3FBC1B5549F7001A3320 /* Main.storyboard */,
				D94B3FBF1B5549F7001A3320 /* Images.xcassets */,
				D94B3FC11B5549F7001A3320 /* LaunchScreen.xib */,
				D94B3FB61B5549F6001A3320 /* Supporting Files */,
			);
			path = ColorCode;
			sourceTree = "<group>";
		};
		D94B3FB61B5549F6001A3320 /* Supporting Files */ = {
			isa = PBXGroup;
			children = (
				D94B3FB71B5549F6001A3320 /* Info.plist */,
			);
			name = "Supporting Files";
			sourceTree = "<group>";
		};
		D94B3FCB1B5549F7001A3320 /* ColorCodeTests */ = {
			isa = PBXGroup;
			children = (
				D94B3FCE1B5549F7001A3320 /* ColorCodeTests.swift */,
				D94B3FCC1B5549F7001A3320 /* Supporting Files */,
			);
			path = ColorCodeTests;
			sourceTree = "<group>";
		};
		D94B3FCC1B5549F7001A3320 /* Supporting Files */ = {
			isa = PBXGroup;
			children = (
				D94B3FCD1B5549F7001A3320 /* Info.plist */,
			);
			name = "Supporting Files";
			sourceTree = "<group>";
		};
/* End PBXGroup section */

/* Begin PBXNativeTarget section */
		D94B3FB21B5549F6001A3320 /* ColorCode */ = {
			isa = PBXNativeTarget;
			buildConfigurationList = D94B3FD21B5549F7001A3320 /* Build configuration list for PBXNativeTarget "ColorCode" */;
			buildPhases = (
				D94B3FAF1B5549F6001A3320 /* Sources */,
				D94B3FB01B5549F6001A3320 /* Frameworks */,
				D94B3FB11B5549F6001A3320 /* Resources */,
			);
			buildRules = (
			);
			dependencies = (
			);
			name = ColorCode;
			productName = ColorCode;
			productReference = D94B3FB31B5549F6001A3320 /* ColorCode.app */;
			productType = "com.apple.product-type.application";
		};
		D94B3FC71B5549F7001A3320 /* ColorCodeTests */ = {
			isa = PBXNativeTarget;
			buildConfigurationList = D94B3FD51B5549F7001A3320 /* Build configuration list for PBXNativeTarget "ColorCodeTests" */;
			buildPhases = (
				D94B3FC41B5549F7001A3320 /* Sources */,
				D94B3FC51B5549F7001A3320 /* Frameworks */,
				D94B3FC61B5549F7001A3320 /* Resources */,
			);
			buildRules = (
			);
			dependencies = (
				D94B3FCA1B5549F7001A3320 /* PBXTargetDependency */,
			);
			name = ColorCodeTests;
			productName = ColorCodeTests;
			productReference = D94B3FC81B5549F7001A3320 /* ColorCodeTests.xctest */;
			productType = "com.apple.product-type.bundle.unit-test";
		};
/* End PBXNativeTarget section */

/* Begin PBXProject section */
		D94B3FAB1B5549F6001A3320 /* Project object */ = {
			isa = PBXProject;
			attributes = {
				LastUpgradeCheck = 0630;
				ORGANIZATIONNAME = "Syun Takeuchi";
				TargetAttributes = {
					D94B3FB21B5549F6001A3320 = {
						CreatedOnToolsVersion = 6.3.1;
					};
					D94B3FC71B5549F7001A3320 = {
						CreatedOnToolsVersion = 6.3.1;
						TestTargetID = D94B3FB21B5549F6001A3320;
					};
				};
			};
			buildConfigurationList = D94B3FAE1B5549F6001A3320 /* Build configuration list for PBXProject "ColorCode" */;
			compatibilityVersion = "Xcode 3.2";
			developmentRegion = English;
			hasScannedForEncodings = 0;
			knownRegions = (
				en,
				Base,
			);
			mainGroup = D94B3FAA1B5549F6001A3320;
			productRefGroup = D94B3FB41B5549F6001A3320 /* Products */;
			projectDirPath = "";
			projectRoot = "";
			targets = (
				D94B3FB21B5549F6001A3320 /* ColorCode */,
				D94B3FC71B5549F7001A3320 /* ColorCodeTests */,
			);
		};
/* End PBXProject section */

/* Begin PBXResourcesBuildPhase section */
		D94B3FB11B5549F6001A3320 /* Resources */ = {
			isa = PBXResourcesBuildPhase;
			buildActionMask = 2147483647;
			files = (
				D94B3FBE1B5549F7001A3320 /* Main.storyboard in Resources */,
				D94B3FC31B5549F7001A3320 /* LaunchScreen.xib in Resources */,
				D94B3FC01B5549F7001A3320 /* Images.xcassets in Resources */,
			);
			runOnlyForDeploymentPostprocessing = 0;
		};
		D94B3FC61B5549F7001A3320 /* Resources */ = {
			isa = PBXResourcesBuildPhase;
			buildActionMask = 2147483647;
			files = (
			);
			runOnlyForDeploymentPostprocessing = 0;
		};
/* End PBXResourcesBuildPhase section */

/* Begin PBXSourcesBuildPhase section */
		D94B3FAF1B5549F6001A3320 /* Sources */ = {
			isa = PBXSourcesBuildPhase;
			buildActionMask = 2147483647;
			files = (
				D94B3FBB1B5549F7001A3320 /* ViewController.swift in Sources */,
				D94B3FB91B5549F6001A3320 /* AppDelegate.swift in Sources */,
			);
			runOnlyForDeploymentPostprocessing = 0;
		};
		D94B3FC41B5549F7001A3320 /* Sources */ = {
			isa = PBXSourcesBuildPhase;
			buildActionMask = 2147483647;
			files = (
				D94B3FCF1B5549F7001A3320 /* ColorCodeTests.swift in Sources */,
			);
			runOnlyForDeploymentPostprocessing = 0;
		};
/* End PBXSourcesBuildPhase section */

/* Begin PBXTargetDependency section */
		D94B3FCA1B5549F7001A3320 /* PBXTargetDependency */ = {
			isa = PBXTargetDependency;
			target = D94B3FB21B5549F6001A3320 /* ColorCode */;
			targetProxy = D94B3FC91B5549F7001A3320 /* PBXContainerItemProxy */;
		};
/* End PBXTargetDependency section */

/* Begin PBXVariantGroup section */
		D94B3FBC1B5549F7001A3320 /* Main.storyboard */ = {
			isa = PBXVariantGroup;
			children = (
				D94B3FBD1B5549F7001A3320 /* Base */,
			);
			name = Main.storyboard;
			sourceTree = "<group>";
		};
		D94B3FC11B5549F7001A3320 /* LaunchScreen.xib */ = {
			isa = PBXVariantGroup;
			children = (
				D94B3FC21B5549F7001A3320 /* Base */,
			);
			name = LaunchScreen.xib;
			sourceTree = "<group>";
		};
/* End PBXVariantGroup section */

/* Begin XCBuildConfiguration section */
		D94B3FD01B5549F7001A3320 /* Debug */ = {
			isa = XCBuildConfiguration;
			buildSettings = {
				ALWAYS_SEARCH_USER_PATHS = NO;
				CLANG_CXX_LANGUAGE_STANDARD = "gnu++0x";
				CLANG_CXX_LIBRARY = "libc++";
				CLANG_ENABLE_MODULES = YES;
				CLANG_ENABLE_OBJC_ARC = YES;
				CLANG_WARN_BOOL_CONVERSION = YES;
				CLANG_WARN_CONSTANT_CONVERSION = YES;
				CLANG_WARN_DIRECT_OBJC_ISA_USAGE = YES_ERROR;
				CLANG_WARN_EMPTY_BODY = YES;
				CLANG_WARN_ENUM_CONVERSION = YES;
				CLANG_WARN_INT_CONVERSION = YES;
				CLANG_WARN_OBJC_ROOT_CLASS = YES_ERROR;
				CLANG_WARN_UNREACHABLE_CODE = YES;
				CLANG_WARN__DUPLICATE_METHOD_MATCH = YES;
				"CODE_SIGN_IDENTITY[sdk=iphoneos*]" = "iPhone Developer";
				COPY_PHASE_STRIP = NO;
				DEBUG_INFORMATION_FORMAT = "dwarf-with-dsym";
				ENABLE_STRICT_OBJC_MSGSEND = YES;
				GCC_C_LANGUAGE_STANDARD = gnu99;
				GCC_DYNAMIC_NO_PIC = NO;
				GCC_NO_COMMON_BLOCKS = YES;
				GCC_OPTIMIZATION_LEVEL = 0;
				GCC_PREPROCESSOR_DEFINITIONS = (
					"DEBUG=1",
					"$(inherited)",
				);
				GCC_SYMBOLS_PRIVATE_EXTERN = NO;
				GCC_WARN_64_TO_32_BIT_CONVERSION = YES;
				GCC_WARN_ABOUT_RETURN_TYPE = YES_ERROR;
				GCC_WARN_UNDECLARED_SELECTOR = YES;
				GCC_WARN_UNINITIALIZED_AUTOS = YES_AGGRESSIVE;
				GCC_WARN_UNUSED_FUNCTION = YES;
				GCC_WARN_UNUSED_VARIABLE = YES;
				IPHONEOS_DEPLOYMENT_TARGET = 8.3;
				MTL_ENABLE_DEBUG_INFO = YES;
				ONLY_ACTIVE_ARCH = YES;
				SDKROOT = iphoneos;
				SWIFT_OPTIMIZATION_LEVEL = "-Onone";
			};
			name = Debug;
		};
		D94B3FD11B5549F7001A3320 /* Release */ = {
			isa = XCBuildConfiguration;
			buildSettings = {
				ALWAYS_SEARCH_USER_PATHS = NO;
				CLANG_CXX_LANGUAGE_STANDARD = "gnu++0x";
				CLANG_CXX_LIBRARY = "libc++";
				CLANG_ENABLE_MODULES = YES;
				CLANG_ENABLE_OBJC_ARC = YES;
				CLANG_WARN_BOOL_CONVERSION = YES;
				CLANG_WARN_CONSTANT_CONVERSION = YES;
				CLANG_WARN_DIRECT_OBJC_ISA_USAGE = YES_ERROR;
				CLANG_WARN_EMPTY_BODY = YES;
				CLANG_WARN_ENUM_CONVERSION = YES;
				CLANG_WARN_INT_CONVERSION = YES;
				CLANG_WARN_OBJC_ROOT_CLASS = YES_ERROR;
				CLANG_WARN_UNREACHABLE_CODE = YES;
				CLANG_WARN__DUPLICATE_METHOD_MATCH = YES;
				"CODE_SIGN_IDENTITY[sdk=iphoneos*]" = "iPhone Developer";
				COPY_PHASE_STRIP = NO;
				DEBUG_INFORMATION_FORMAT = "dwarf-with-dsym";
				ENABLE_NS_ASSERTIONS = NO;
				ENABLE_STRICT_OBJC_MSGSEND = YES;
				GCC_C_LANGUAGE_STANDARD = gnu99;
				GCC_NO_COMMON_BLOCKS = YES;
				GCC_WARN_64_TO_32_BIT_CONVERSION = YES;
				GCC_WARN_ABOUT_RETURN_TYPE = YES_ERROR;
				GCC_WARN_UNDECLARED_SELECTOR = YES;
				GCC_WARN_UNINITIALIZED_AUTOS = YES_AGGRESSIVE;
				GCC_WARN_UNUSED_FUNCTION = YES;
				GCC_WARN_UNUSED_VARIABLE = YES;
				IPHONEOS_DEPLOYMENT_TARGET = 8.3;
				MTL_ENABLE_DEBUG_INFO = NO;
				SDKROOT = iphoneos;
				VALIDATE_PRODUCT = YES;
			};
			name = Release;
		};
		D94B3FD31B5549F7001A3320 /* Debug */ = {
			isa = XCBuildConfiguration;
			buildSettings = {
				ASSETCATALOG_COMPILER_APPICON_NAME = AppIcon;
				INFOPLIST_FILE = ColorCode/Info.plist;
				LD_RUNPATH_SEARCH_PATHS = "$(inherited) @executable_path/Frameworks";
				PRODUCT_NAME = "$(TARGET_NAME)";
			};
			name = Debug;
		};
		D94B3FD41B5549F7001A3320 /* Release */ = {
			isa = XCBuildConfiguration;
			buildSettings = {
				ASSETCATALOG_COMPILER_APPICON_NAME = AppIcon;
				INFOPLIST_FILE = ColorCode/Info.plist;
				LD_RUNPATH_SEARCH_PATHS = "$(inherited) @executable_path/Frameworks";
				PRODUCT_NAME = "$(TARGET_NAME)";
			};
			name = Release;
		};
		D94B3FD61B5549F7001A3320 /* Debug */ = {
			isa = XCBuildConfiguration;
			buildSettings = {
				BUNDLE_LOADER = "$(TEST_HOST)";
				FRAMEWORK_SEARCH_PATHS = (
					"$(SDKROOT)/Developer/Library/Frameworks",
					"$(inherited)",
				);
				GCC_PREPROCESSOR_DEFINITIONS = (
					"DEBUG=1",
					"$(inherited)",
				);
				INFOPLIST_FILE = ColorCodeTests/Info.plist;
				LD_RUNPATH_SEARCH_PATHS = "$(inherited) @executable_path/Frameworks @loader_path/Frameworks";
				PRODUCT_NAME = "$(TARGET_NAME)";
				TEST_HOST = "$(BUILT_PRODUCTS_DIR)/ColorCode.app/ColorCode";
			};
			name = Debug;
		};
		D94B3FD71B5549F7001A3320 /* Release */ = {
			isa = XCBuildConfiguration;
			buildSettings = {
				BUNDLE_LOADER = "$(TEST_HOST)";
				FRAMEWORK_SEARCH_PATHS = (
					"$(SDKROOT)/Developer/Library/Frameworks",
					"$(inherited)",
				);
				INFOPLIST_FILE = ColorCodeTests/Info.plist;
				LD_RUNPATH_SEARCH_PATHS = "$(inherited) @executable_path/Frameworks @loader_path/Frameworks";
				PRODUCT_NAME = "$(TARGET_NAME)";
				TEST_HOST = "$(BUILT_PRODUCTS_DIR)/ColorCode.app/ColorCode";
			};
			name = Release;
		};
/* End XCBuildConfiguration section */

/* Begin XCConfigurationList section */
		D94B3FAE1B5549F6001A3320 /* Build configuration list for PBXProject "ColorCode" */ = {
			isa = XCConfigurationList;
			buildConfigurations = (
				D94B3FD01B5549F7001A3320 /* Debug */,
				D94B3FD11B5549F7001A3320 /* Release */,
			);
			defaultConfigurationIsVisible = 0;
			defaultConfigurationName = Release;
		};
		D94B3FD21B5549F7001A3320 /* Build configuration list for PBXNativeTarget "ColorCode" */ = {
			isa = XCConfigurationList;
			buildConfigurations = (
				D94B3FD31B5549F7001A3320 /* Debug */,
				D94B3FD41B5549F7001A3320 /* Release */,
			);
			defaultConfigurationIsVisible = 0;
		};
		D94B3FD51B5549F7001A3320 /* Build configuration list for PBXNativeTarget "ColorCodeTests" */ = {
			isa = XCConfigurationList;
			buildConfigurations = (
				D94B3FD61B5549F7001A3320 /* Debug */,
				D94B3FD71B5549F7001A3320 /* Release */,
			);
			defaultConfigurationIsVisible = 0;
		};
/* End XCConfigurationList section */
	};
	rootObject = D94B3FAB1B5549F6001A3320 /* Project object */;
}
